// !$*UTF8*$!
{
	archiveVersion = 1;
	classes = {
	};
	objectVersion = 46;
	objects = {

/* Begin PBXBuildFile section */
		E38E84C11BBBD221009A1C53 /* main.m in Sources */ = {isa = PBXBuildFile; fileRef = E38E84C01BBBD221009A1C53 /* main.m */; };
		E38E84C41BBBD221009A1C53 /* AppDelegate.m in Sources */ = {isa = PBXBuildFile; fileRef = E38E84C31BBBD221009A1C53 /* AppDelegate.m */; };
		E38E84C71BBBD221009A1C53 /* ViewController.m in Sources */ = {isa = PBXBuildFile; fileRef = E38E84C61BBBD221009A1C53 /* ViewController.m */; };
		E38E84CA1BBBD221009A1C53 /* Main.storyboard in Resources */ = {isa = PBXBuildFile; fileRef = E38E84C81BBBD221009A1C53 /* Main.storyboard */; };
		E38E84CC1BBBD221009A1C53 /* Images.xcassets in Resources */ = {isa = PBXBuildFile; fileRef = E38E84CB1BBBD221009A1C53 /* Images.xcassets */; };
		E38E84CF1BBBD221009A1C53 /* LaunchScreen.xib in Resources */ = {isa = PBXBuildFile; fileRef = E38E84CD1BBBD221009A1C53 /* LaunchScreen.xib */; };
		E38E84DB1BBBD221009A1C53 /* GithubOrgTests.m in Sources */ = {isa = PBXBuildFile; fileRef = E38E84DA1BBBD221009A1C53 /* GithubOrgTests.m */; };
/* End PBXBuildFile section */

/* Begin PBXContainerItemProxy section */
		E38E84D51BBBD221009A1C53 /* PBXContainerItemProxy */ = {
			isa = PBXContainerItemProxy;
			containerPortal = E38E84B31BBBD221009A1C53 /* Project object */;
			proxyType = 1;
			remoteGlobalIDString = E38E84BA1BBBD221009A1C53;
			remoteInfo = GithubOrg;
		};
/* End PBXContainerItemProxy section */

/* Begin PBXFileReference section */
		E38E84BB1BBBD221009A1C53 /* GithubOrg.app */ = {isa = PBXFileReference; explicitFileType = wrapper.application; includeInIndex = 0; path = GithubOrg.app; sourceTree = BUILT_PRODUCTS_DIR; };
		E38E84BF1BBBD221009A1C53 /* Info.plist */ = {isa = PBXFileReference; lastKnownFileType = text.plist.xml; path = Info.plist; sourceTree = "<group>"; };
		E38E84C01BBBD221009A1C53 /* main.m */ = {isa = PBXFileReference; lastKnownFileType = sourcecode.c.objc; path = main.m; sourceTree = "<group>"; };
		E38E84C21BBBD221009A1C53 /* AppDelegate.h */ = {isa = PBXFileReference; lastKnownFileType = sourcecode.c.h; path = AppDelegate.h; sourceTree = "<group>"; };
		E38E84C31BBBD221009A1C53 /* AppDelegate.m */ = {isa = PBXFileReference; lastKnownFileType = sourcecode.c.objc; path = AppDelegate.m; sourceTree = "<group>"; };
		E38E84C51BBBD221009A1C53 /* ViewController.h */ = {isa = PBXFileReference; lastKnownFileType = sourcecode.c.h; path = ViewController.h; sourceTree = "<group>"; };
		E38E84C61BBBD221009A1C53 /* ViewController.m */ = {isa = PBXFileReference; lastKnownFileType = sourcecode.c.objc; path = ViewController.m; sourceTree = "<group>"; };
		E38E84C91BBBD221009A1C53 /* Base */ = {isa = PBXFileReference; lastKnownFileType = file.storyboard; name = Base; path = Base.lproj/Main.storyboard; sourceTree = "<group>"; };
		E38E84CB1BBBD221009A1C53 /* Images.xcassets */ = {isa = PBXFileReference; lastKnownFileType = folder.assetcatalog; path = Images.xcassets; sourceTree = "<group>"; };
		E38E84CE1BBBD221009A1C53 /* Base */ = {isa = PBXFileReference; lastKnownFileType = file.xib; name = Base; path = Base.lproj/LaunchScreen.xib; sourceTree = "<group>"; };
		E38E84D41BBBD221009A1C53 /* GithubOrgTests.xctest */ = {isa = PBXFileReference; explicitFileType = wrapper.cfbundle; includeInIndex = 0; path = GithubOrgTests.xctest; sourceTree = BUILT_PRODUCTS_DIR; };
		E38E84D91BBBD221009A1C53 /* Info.plist */ = {isa = PBXFileReference; lastKnownFileType = text.plist.xml; path = Info.plist; sourceTree = "<group>"; };
		E38E84DA1BBBD221009A1C53 /* GithubOrgTests.m */ = {isa = PBXFileReference; lastKnownFileType = sourcecode.c.objc; path = GithubOrgTests.m; sourceTree = "<group>"; };
/* End PBXFileReference section */

/* Begin PBXFrameworksBuildPhase section */
		E38E84B81BBBD221009A1C53 /* Frameworks */ = {
			isa = PBXFrameworksBuildPhase;
			buildActionMask = 2147483647;
			files = (
			);
			runOnlyForDeploymentPostprocessing = 0;
		};
		E38E84D11BBBD221009A1C53 /* Frameworks */ = {
			isa = PBXFrameworksBuildPhase;
			buildActionMask = 2147483647;
			files = (
			);
			runOnlyForDeploymentPostprocessing = 0;
		};
/* End PBXFrameworksBuildPhase section */

/* Begin PBXGroup section */
		E38E84B21BBBD221009A1C53 = {
			isa = PBXGroup;
			children = (
				E38E84BD1BBBD221009A1C53 /* GithubOrg */,
				E38E84D71BBBD221009A1C53 /* GithubOrgTests */,
				E38E84BC1BBBD221009A1C53 /* Products */,
			);
			sourceTree = "<group>";
		};
		E38E84BC1BBBD221009A1C53 /* Products */ = {
			isa = PBXGroup;
			children = (
				E38E84BB1BBBD221009A1C53 /* GithubOrg.app */,
				E38E84D41BBBD221009A1C53 /* GithubOrgTests.xctest */,
			);
			name = Products;
			sourceTree = "<group>";
		};
		E38E84BD1BBBD221009A1C53 /* GithubOrg */ = {
			isa = PBXGroup;
			children = (
				E38E84C21BBBD221009A1C53 /* AppDelegate.h */,
				E38E84C31BBBD221009A1C53 /* AppDelegate.m */,
				E38E84C51BBBD221009A1C53 /* ViewController.h */,
				E38E84C61BBBD221009A1C53 /* ViewController.m */,
				E38E84C81BBBD221009A1C53 /* Main.storyboard */,
				E38E84CB1BBBD221009A1C53 /* Images.xcassets */,
				E38E84CD1BBBD221009A1C53 /* LaunchScreen.xib */,
				E38E84BE1BBBD221009A1C53 /* Supporting Files */,
			);
			path = GithubOrg;
			sourceTree = "<group>";
		};
		E38E84BE1BBBD221009A1C53 /* Supporting Files */ = {
			isa = PBXGroup;
			children = (
				E38E84BF1BBBD221009A1C53 /* Info.plist */,
				E38E84C01BBBD221009A1C53 /* main.m */,
			);
			name = "Supporting Files";
			sourceTree = "<group>";
		};
		E38E84D71BBBD221009A1C53 /* GithubOrgTests */ = {
			isa = PBXGroup;
			children = (
				E38E84DA1BBBD221009A1C53 /* GithubOrgTests.m */,
				E38E84D81BBBD221009A1C53 /* Supporting Files */,
			);
			path = GithubOrgTests;
			sourceTree = "<group>";
		};
		E38E84D81BBBD221009A1C53 /* Supporting Files */ = {
			isa = PBXGroup;
			children = (
				E38E84D91BBBD221009A1C53 /* Info.plist */,
			);
			name = "Supporting Files";
			sourceTree = "<group>";
		};
/* End PBXGroup section */

/* Begin PBXNativeTarget section */
		E38E84BA1BBBD221009A1C53 /* GithubOrg */ = {
			isa = PBXNativeTarget;
			buildConfigurationList = E38E84DE1BBBD221009A1C53 /* Build configuration list for PBXNativeTarget "GithubOrg" */;
			buildPhases = (
				E38E84B71BBBD221009A1C53 /* Sources */,
				E38E84B81BBBD221009A1C53 /* Frameworks */,
				E38E84B91BBBD221009A1C53 /* Resources */,
			);
			buildRules = (
			);
			dependencies = (
			);
			name = GithubOrg;
			productName = GithubOrg;
			productReference = E38E84BB1BBBD221009A1C53 /* GithubOrg.app */;
			productType = "com.apple.product-type.application";
		};
		E38E84D31BBBD221009A1C53 /* GithubOrgTests */ = {
			isa = PBXNativeTarget;
			buildConfigurationList = E38E84E11BBBD221009A1C53 /* Build configuration list for PBXNativeTarget "GithubOrgTests" */;
			buildPhases = (
				E38E84D01BBBD221009A1C53 /* Sources */,
				E38E84D11BBBD221009A1C53 /* Frameworks */,
				E38E84D21BBBD221009A1C53 /* Resources */,
			);
			buildRules = (
			);
			dependencies = (
				E38E84D61BBBD221009A1C53 /* PBXTargetDependency */,
			);
			name = GithubOrgTests;
			productName = GithubOrgTests;
			productReference = E38E84D41BBBD221009A1C53 /* GithubOrgTests.xctest */;
			productType = "com.apple.product-type.bundle.unit-test";
		};
/* End PBXNativeTarget section */

/* Begin PBXProject section */
		E38E84B31BBBD221009A1C53 /* Project object */ = {
			isa = PBXProject;
			attributes = {
				LastUpgradeCheck = 0640;
				ORGANIZATIONNAME = "Wane Wang";
				TargetAttributes = {
					E38E84BA1BBBD221009A1C53 = {
						CreatedOnToolsVersion = 6.4;
					};
					E38E84D31BBBD221009A1C53 = {
						CreatedOnToolsVersion = 6.4;
						TestTargetID = E38E84BA1BBBD221009A1C53;
					};
				};
			};
			buildConfigurationList = E38E84B61BBBD221009A1C53 /* Build configuration list for PBXProject "GithubOrg" */;
			compatibilityVersion = "Xcode 3.2";
			developmentRegion = English;
			hasScannedForEncodings = 0;
			knownRegions = (
				en,
				Base,
			);
			mainGroup = E38E84B21BBBD221009A1C53;
			productRefGroup = E38E84BC1BBBD221009A1C53 /* Products */;
			projectDirPath = "";
			projectRoot = "";
			targets = (
				E38E84BA1BBBD221009A1C53 /* GithubOrg */,
				E38E84D31BBBD221009A1C53 /* GithubOrgTests */,
			);
		};
/* End PBXProject section */

/* Begin PBXResourcesBuildPhase section */
		E38E84B91BBBD221009A1C53 /* Resources */ = {
			isa = PBXResourcesBuildPhase;
			buildActionMask = 2147483647;
			files = (
				E38E84CA1BBBD221009A1C53 /* Main.storyboard in Resources */,
				E38E84CF1BBBD221009A1C53 /* LaunchScreen.xib in Resources */,
				E38E84CC1BBBD221009A1C53 /* Images.xcassets in Resources */,
			);
			runOnlyForDeploymentPostprocessing = 0;
		};
		E38E84D21BBBD221009A1C53 /* Resources */ = {
			isa = PBXResourcesBuildPhase;
			buildActionMask = 2147483647;
			files = (
			);
			runOnlyForDeploymentPostprocessing = 0;
		};
/* End PBXResourcesBuildPhase section */

/* Begin PBXSourcesBuildPhase section */
		E38E84B71BBBD221009A1C53 /* Sources */ = {
			isa = PBXSourcesBuildPhase;
			buildActionMask = 2147483647;
			files = (
				E38E84C71BBBD221009A1C53 /* ViewController.m in Sources */,
				E38E84C41BBBD221009A1C53 /* AppDelegate.m in Sources */,
				E38E84C11BBBD221009A1C53 /* main.m in Sources */,
			);
			runOnlyForDeploymentPostprocessing = 0;
		};
		E38E84D01BBBD221009A1C53 /* Sources */ = {
			isa = PBXSourcesBuildPhase;
			buildActionMask = 2147483647;
			files = (
				E38E84DB1BBBD221009A1C53 /* GithubOrgTests.m in Sources */,
			);
			runOnlyForDeploymentPostprocessing = 0;
		};
/* End PBXSourcesBuildPhase section */

/* Begin PBXTargetDependency section */
		E38E84D61BBBD221009A1C53 /* PBXTargetDependency */ = {
			isa = PBXTargetDependency;
			target = E38E84BA1BBBD221009A1C53 /* GithubOrg */;
			targetProxy = E38E84D51BBBD221009A1C53 /* PBXContainerItemProxy */;
		};
/* End PBXTargetDependency section */

/* Begin PBXVariantGroup section */
		E38E84C81BBBD221009A1C53 /* Main.storyboard */ = {
			isa = PBXVariantGroup;
			children = (
				E38E84C91BBBD221009A1C53 /* Base */,
			);
			name = Main.storyboard;
			sourceTree = "<group>";
		};
		E38E84CD1BBBD221009A1C53 /* LaunchScreen.xib */ = {
			isa = PBXVariantGroup;
			children = (
				E38E84CE1BBBD221009A1C53 /* Base */,
			);
			name = LaunchScreen.xib;
			sourceTree = "<group>";
		};
/* End PBXVariantGroup section */

/* Begin XCBuildConfiguration section */
		E38E84DC1BBBD221009A1C53 /* Debug */ = {
			isa = XCBuildConfiguration;
			buildSettings = {
				ALWAYS_SEARCH_USER_PATHS = NO;
				CLANG_CXX_LANGUAGE_STANDARD = "gnu++0x";
				CLANG_CXX_LIBRARY = "libc++";
				CLANG_ENABLE_MODULES = YES;
				CLANG_ENABLE_OBJC_ARC = YES;
				CLANG_WARN_BOOL_CONVERSION = YES;
				CLANG_WARN_CONSTANT_CONVERSION = YES;
				CLANG_WARN_DIRECT_OBJC_ISA_USAGE = YES_ERROR;
				CLANG_WARN_EMPTY_BODY = YES;
				CLANG_WARN_ENUM_CONVERSION = YES;
				CLANG_WARN_INT_CONVERSION = YES;
				CLANG_WARN_OBJC_ROOT_CLASS = YES_ERROR;
				CLANG_WARN_UNREACHABLE_CODE = YES;
				CLANG_WARN__DUPLICATE_METHOD_MATCH = YES;
				"CODE_SIGN_IDENTITY[sdk=iphoneos*]" = "iPhone Developer";
				COPY_PHASE_STRIP = NO;
				DEBUG_INFORMATION_FORMAT = "dwarf-with-dsym";
				ENABLE_STRICT_OBJC_MSGSEND = YES;
				GCC_C_LANGUAGE_STANDARD = gnu99;
				GCC_DYNAMIC_NO_PIC = NO;
				GCC_NO_COMMON_BLOCKS = YES;
				GCC_OPTIMIZATION_LEVEL = 0;
				GCC_PREPROCESSOR_DEFINITIONS = (
					"DEBUG=1",
					"$(inherited)",
				);
				GCC_SYMBOLS_PRIVATE_EXTERN = NO;
				GCC_WARN_64_TO_32_BIT_CONVERSION = YES;
				GCC_WARN_ABOUT_RETURN_TYPE = YES_ERROR;
				GCC_WARN_UNDECLARED_SELECTOR = YES;
				GCC_WARN_UNINITIALIZED_AUTOS = YES_AGGRESSIVE;
				GCC_WARN_UNUSED_FUNCTION = YES;
				GCC_WARN_UNUSED_VARIABLE = YES;
				IPHONEOS_DEPLOYMENT_TARGET = 8.4;
				MTL_ENABLE_DEBUG_INFO = YES;
				ONLY_ACTIVE_ARCH = YES;
				SDKROOT = iphoneos;
			};
			name = Debug;
		};
		E38E84DD1BBBD221009A1C53 /* Release */ = {
			isa = XCBuildConfiguration;
			buildSettings = {
				ALWAYS_SEARCH_USER_PATHS = NO;
				CLANG_CXX_LANGUAGE_STANDARD = "gnu++0x";
				CLANG_CXX_LIBRARY = "libc++";
				CLANG_ENABLE_MODULES = YES;
				CLANG_ENABLE_OBJC_ARC = YES;
				CLANG_WARN_BOOL_CONVERSION = YES;
				CLANG_WARN_CONSTANT_CONVERSION = YES;
				CLANG_WARN_DIRECT_OBJC_ISA_USAGE = YES_ERROR;
				CLANG_WARN_EMPTY_BODY = YES;
				CLANG_WARN_ENUM_CONVERSION = YES;
				CLANG_WARN_INT_CONVERSION = YES;
				CLANG_WARN_OBJC_ROOT_CLASS = YES_ERROR;
				CLANG_WARN_UNREACHABLE_CODE = YES;
				CLANG_WARN__DUPLICATE_METHOD_MATCH = YES;
				"CODE_SIGN_IDENTITY[sdk=iphoneos*]" = "iPhone Developer";
				COPY_PHASE_STRIP = NO;
				DEBUG_INFORMATION_FORMAT = "dwarf-with-dsym";
				ENABLE_NS_ASSERTIONS = NO;
				ENABLE_STRICT_OBJC_MSGSEND = YES;
				GCC_C_LANGUAGE_STANDARD = gnu99;
				GCC_NO_COMMON_BLOCKS = YES;
				GCC_WARN_64_TO_32_BIT_CONVERSION = YES;
				GCC_WARN_ABOUT_RETURN_TYPE = YES_ERROR;
				GCC_WARN_UNDECLARED_SELECTOR = YES;
				GCC_WARN_UNINITIALIZED_AUTOS = YES_AGGRESSIVE;
				GCC_WARN_UNUSED_FUNCTION = YES;
				GCC_WARN_UNUSED_VARIABLE = YES;
				IPHONEOS_DEPLOYMENT_TARGET = 8.4;
				MTL_ENABLE_DEBUG_INFO = NO;
				SDKROOT = iphoneos;
				VALIDATE_PRODUCT = YES;
			};
			name = Release;
		};
		E38E84DF1BBBD221009A1C53 /* Debug */ = {
			isa = XCBuildConfiguration;
			buildSettings = {
				ASSETCATALOG_COMPILER_APPICON_NAME = AppIcon;
				INFOPLIST_FILE = GithubOrg/Info.plist;
				LD_RUNPATH_SEARCH_PATHS = "$(inherited) @executable_path/Frameworks";
				PRODUCT_NAME = "$(TARGET_NAME)";
			};
			name = Debug;
		};
		E38E84E01BBBD221009A1C53 /* Release */ = {
			isa = XCBuildConfiguration;
			buildSettings = {
				ASSETCATALOG_COMPILER_APPICON_NAME = AppIcon;
				INFOPLIST_FILE = GithubOrg/Info.plist;
				LD_RUNPATH_SEARCH_PATHS = "$(inherited) @executable_path/Frameworks";
				PRODUCT_NAME = "$(TARGET_NAME)";
			};
			name = Release;
		};
		E38E84E21BBBD221009A1C53 /* Debug */ = {
			isa = XCBuildConfiguration;
			buildSettings = {
				BUNDLE_LOADER = "$(TEST_HOST)";
				FRAMEWORK_SEARCH_PATHS = (
					"$(SDKROOT)/Developer/Library/Frameworks",
					"$(inherited)",
				);
				GCC_PREPROCESSOR_DEFINITIONS = (
					"DEBUG=1",
					"$(inherited)",
				);
				INFOPLIST_FILE = GithubOrgTests/Info.plist;
				LD_RUNPATH_SEARCH_PATHS = "$(inherited) @executable_path/Frameworks @loader_path/Frameworks";
				PRODUCT_NAME = "$(TARGET_NAME)";
				TEST_HOST = "$(BUILT_PRODUCTS_DIR)/GithubOrg.app/GithubOrg";
			};
			name = Debug;
		};
		E38E84E31BBBD221009A1C53 /* Release */ = {
			isa = XCBuildConfiguration;
			buildSettings = {
				BUNDLE_LOADER = "$(TEST_HOST)";
				FRAMEWORK_SEARCH_PATHS = (
					"$(SDKROOT)/Developer/Library/Frameworks",
					"$(inherited)",
				);
				INFOPLIST_FILE = GithubOrgTests/Info.plist;
				LD_RUNPATH_SEARCH_PATHS = "$(inherited) @executable_path/Frameworks @loader_path/Frameworks";
				PRODUCT_NAME = "$(TARGET_NAME)";
				TEST_HOST = "$(BUILT_PRODUCTS_DIR)/GithubOrg.app/GithubOrg";
			};
			name = Release;
		};
/* End XCBuildConfiguration section */

/* Begin XCConfigurationList section */
		E38E84B61BBBD221009A1C53 /* Build configuration list for PBXProject "GithubOrg" */ = {
			isa = XCConfigurationList;
			buildConfigurations = (
				E38E84DC1BBBD221009A1C53 /* Debug */,
				E38E84DD1BBBD221009A1C53 /* Release */,
			);
			defaultConfigurationIsVisible = 0;
			defaultConfigurationName = Release;
		};
		E38E84DE1BBBD221009A1C53 /* Build configuration list for PBXNativeTarget "GithubOrg" */ = {
			isa = XCConfigurationList;
			buildConfigurations = (
				E38E84DF1BBBD221009A1C53 /* Debug */,
				E38E84E01BBBD221009A1C53 /* Release */,
			);
			defaultConfigurationIsVisible = 0;
		};
		E38E84E11BBBD221009A1C53 /* Build configuration list for PBXNativeTarget "GithubOrgTests" */ = {
			isa = XCConfigurationList;
			buildConfigurations = (
				E38E84E21BBBD221009A1C53 /* Debug */,
				E38E84E31BBBD221009A1C53 /* Release */,
			);
			defaultConfigurationIsVisible = 0;
		};
/* End XCConfigurationList section */
	};
	rootObject = E38E84B31BBBD221009A1C53 /* Project object */;
}
